{
  "name": "pagina_mercado",
  "version": "1.0.0",
  "lockfileVersion": 1,
  "requires": true,
  "dependencies": {
    "codemirror": {
      "version": "5.58.3",
      "resolved": "https://registry.npmjs.org/codemirror/-/codemirror-5.58.3.tgz",
      "integrity": "sha512-KBhB+juiyOOgn0AqtRmWyAT3yoElkuvWTI6hsHa9E6GQrl6bk/fdAYcvuqW1/upO9T9rtEtapWdw4XYcNiVDEA=="
    },
    "vis-network": {
      "version": "8.5.5",
      "resolved": "https://registry.npmjs.org/vis-network/-/vis-network-8.5.5.tgz",
      "integrity": "sha512-HH7DJjQVVkwQ/qanynBu1dXU75LLSSpG4BZ159IvLHYJaBgZb3Qjzs3U0tl8KlstqxuiEtQRcexnmNlFAIhCKw=="
    }
  }
}
